
Microsoft Visual Studio Solution File, Format Version 12.00
# Visual Studio 15
VisualStudioVersion = 15.0.28307.271
MinimumVisualStudioVersion = 10.0.40219.1
Project("{FAE04EC0-301F-11D3-BF4B-00C04F79EFBC}") = "BookStorage", "BookStorage\BookStorage.csproj", "{552248AE-5923-4958-AEF7-6028B1B4F055}"
EndProject
Global
	GlobalSection(SolutionConfigurationPlatforms) = preSolution
		Debug|Any CPU = Debug|Any CPU
		Release|Any CPU = Release|Any CPU
	EndGlobalSection
	GlobalSection(ProjectConfigurationPlatforms) = postSolution
		{552248AE-5923-4958-AEF7-6028B1B4F055}.Debug|Any CPU.ActiveCfg = Debug|Any CPU
		{552248AE-5923-4958-AEF7-6028B1B4F055}.Debug|Any CPU.Build.0 = Debug|Any CPU
		{552248AE-5923-4958-AEF7-6028B1B4F055}.Release|Any CPU.ActiveCfg = Release|Any CPU
		{552248AE-5923-4958-AEF7-6028B1B4F055}.Release|Any CPU.Build.0 = Release|Any CPU
	EndGlobalSection
	GlobalSection(SolutionProperties) = preSolution
		HideSolutionNode = FALSE
	EndGlobalSection
	GlobalSection(ExtensibilityGlobals) = postSolution
		SolutionGuid = {6D8EE423-EB66-4111-A31E-665300773711}
	EndGlobalSection
EndGlobal
